
Microsoft Visual Studio Solution File, Format Version 12.00
Project("{FAE04EC0-301F-11D3-BF4B-00C04F79EFBC}") = "NumberGen", "NumberGen\NumberGen.csproj", "{5C125CD9-6203-4765-AECC-95D328F12C1F}"
EndProject
Project("{2150E333-8FDC-42A3-9474-1A3956D46DE8}") = "Solution Items", "Solution Items", "{C4463393-0D22-4B23-B5C0-A2CEB187612F}"
	ProjectSection(SolutionItems) = preProject
		docker-compose.yml = docker-compose.yml
	EndProjectSection
EndProject
Project("{FAE04EC0-301F-11D3-BF4B-00C04F79EFBC}") = "NumberGen.Data", "NumberGen.Data\NumberGen.Data.csproj", "{159C6440-00A8-4F84-A77F-3DD54C6B98E2}"
EndProject
Project("{FAE04EC0-301F-11D3-BF4B-00C04F79EFBC}") = "NumberGen.Model", "NumberGen.Model\NumberGen.Model.csproj", "{75D32A97-6057-4B2A-A2D0-37C00F75439C}"
EndProject
Project("{2150E333-8FDC-42A3-9474-1A3956D46DE8}") = "Tests", "Tests", "{3E4E4206-69A8-44F5-A169-B83465428A84}"
EndProject
Project("{FAE04EC0-301F-11D3-BF4B-00C04F79EFBC}") = "NumberGenUnitTests", "NumberGenUnitTests\NumberGenUnitTests.csproj", "{64873B6E-930F-4B7F-9380-1B990C03707E}"
EndProject
Global
	GlobalSection(SolutionConfigurationPlatforms) = preSolution
		Debug|Any CPU = Debug|Any CPU
		Release|Any CPU = Release|Any CPU
	EndGlobalSection
	GlobalSection(ProjectConfigurationPlatforms) = postSolution
		{5C125CD9-6203-4765-AECC-95D328F12C1F}.Debug|Any CPU.ActiveCfg = Debug|Any CPU
		{5C125CD9-6203-4765-AECC-95D328F12C1F}.Debug|Any CPU.Build.0 = Debug|Any CPU
		{5C125CD9-6203-4765-AECC-95D328F12C1F}.Release|Any CPU.ActiveCfg = Release|Any CPU
		{5C125CD9-6203-4765-AECC-95D328F12C1F}.Release|Any CPU.Build.0 = Release|Any CPU
		{159C6440-00A8-4F84-A77F-3DD54C6B98E2}.Debug|Any CPU.ActiveCfg = Debug|Any CPU
		{159C6440-00A8-4F84-A77F-3DD54C6B98E2}.Debug|Any CPU.Build.0 = Debug|Any CPU
		{159C6440-00A8-4F84-A77F-3DD54C6B98E2}.Release|Any CPU.ActiveCfg = Release|Any CPU
		{159C6440-00A8-4F84-A77F-3DD54C6B98E2}.Release|Any CPU.Build.0 = Release|Any CPU
		{75D32A97-6057-4B2A-A2D0-37C00F75439C}.Debug|Any CPU.ActiveCfg = Debug|Any CPU
		{75D32A97-6057-4B2A-A2D0-37C00F75439C}.Debug|Any CPU.Build.0 = Debug|Any CPU
		{75D32A97-6057-4B2A-A2D0-37C00F75439C}.Release|Any CPU.ActiveCfg = Release|Any CPU
		{75D32A97-6057-4B2A-A2D0-37C00F75439C}.Release|Any CPU.Build.0 = Release|Any CPU
		{64873B6E-930F-4B7F-9380-1B990C03707E}.Debug|Any CPU.ActiveCfg = Debug|Any CPU
		{64873B6E-930F-4B7F-9380-1B990C03707E}.Debug|Any CPU.Build.0 = Debug|Any CPU
		{64873B6E-930F-4B7F-9380-1B990C03707E}.Release|Any CPU.ActiveCfg = Release|Any CPU
		{64873B6E-930F-4B7F-9380-1B990C03707E}.Release|Any CPU.Build.0 = Release|Any CPU
	EndGlobalSection
	GlobalSection(NestedProjects) = preSolution
		{64873B6E-930F-4B7F-9380-1B990C03707E} = {3E4E4206-69A8-44F5-A169-B83465428A84}
	EndGlobalSection
EndGlobal
